
Microsoft Visual Studio Solution File, Format Version 12.00
# Visual Studio Version 16
VisualStudioVersion = 16.0.32126.315
MinimumVisualStudioVersion = 10.0.40219.1
Project("{FAE04EC0-301F-11D3-BF4B-00C04F79EFBC}") = "SecretHitlerClient", "SecretHitlerClient\SecretHitlerClient.csproj", "{AD30BC8D-031B-426E-8646-A6010E78EDF2}"
EndProject
Project("{FAE04EC0-301F-11D3-BF4B-00C04F79EFBC}") = "SecretHitlerUtilities", "SecretHitlerUtilities\SecretHitlerUtilities.csproj", "{354309BB-7AFA-4E0D-B8BB-F0F16AED739C}"
EndProject
Project("{FAE04EC0-301F-11D3-BF4B-00C04F79EFBC}") = "SecretHitlerServer", "SecretHitlerServer\SecretHitlerServer.csproj", "{D2AA8C92-E675-4DE0-B27A-682CC9489B8B}"
EndProject
Global
	GlobalSection(SolutionConfigurationPlatforms) = preSolution
		Debug|Any CPU = Debug|Any CPU
		Release|Any CPU = Release|Any CPU
	EndGlobalSection
	GlobalSection(ProjectConfigurationPlatforms) = postSolution
		{AD30BC8D-031B-426E-8646-A6010E78EDF2}.Debug|Any CPU.ActiveCfg = Debug|Any CPU
		{AD30BC8D-031B-426E-8646-A6010E78EDF2}.Debug|Any CPU.Build.0 = Debug|Any CPU
		{AD30BC8D-031B-426E-8646-A6010E78EDF2}.Release|Any CPU.ActiveCfg = Release|Any CPU
		{AD30BC8D-031B-426E-8646-A6010E78EDF2}.Release|Any CPU.Build.0 = Release|Any CPU
		{354309BB-7AFA-4E0D-B8BB-F0F16AED739C}.Debug|Any CPU.ActiveCfg = Debug|Any CPU
		{354309BB-7AFA-4E0D-B8BB-F0F16AED739C}.Debug|Any CPU.Build.0 = Debug|Any CPU
		{354309BB-7AFA-4E0D-B8BB-F0F16AED739C}.Release|Any CPU.ActiveCfg = Release|Any CPU
		{354309BB-7AFA-4E0D-B8BB-F0F16AED739C}.Release|Any CPU.Build.0 = Release|Any CPU
		{D2AA8C92-E675-4DE0-B27A-682CC9489B8B}.Debug|Any CPU.ActiveCfg = Debug|Any CPU
		{D2AA8C92-E675-4DE0-B27A-682CC9489B8B}.Debug|Any CPU.Build.0 = Debug|Any CPU
		{D2AA8C92-E675-4DE0-B27A-682CC9489B8B}.Release|Any CPU.ActiveCfg = Release|Any CPU
		{D2AA8C92-E675-4DE0-B27A-682CC9489B8B}.Release|Any CPU.Build.0 = Release|Any CPU
	EndGlobalSection
	GlobalSection(SolutionProperties) = preSolution
		HideSolutionNode = FALSE
	EndGlobalSection
	GlobalSection(ExtensibilityGlobals) = postSolution
		SolutionGuid = {91C87A5C-3288-4B84-B139-1E76ACA54CCE}
	EndGlobalSection
EndGlobal
